
Microsoft Visual Studio Solution File, Format Version 12.00
# Visual Studio Version 17
VisualStudioVersion = 17.1.32414.318
MinimumVisualStudioVersion = 10.0.40219.1
Project("{FAE04EC0-301F-11D3-BF4B-00C04F79EFBC}") = "PersonalPortfolio.Api", "PersonalPortfolio.Api\PersonalPortfolio.Api.csproj", "{FBD20899-11A4-4149-A230-4549B47107D8}"
EndProject
Project("{FAE04EC0-301F-11D3-BF4B-00C04F79EFBC}") = "PersonalPortfolio.Data", "Data\PersonalPortfolio.Data.csproj", "{4F9EF79B-612B-4D8C-BB50-49D6DDF0768E}"
EndProject
Project("{FAE04EC0-301F-11D3-BF4B-00C04F79EFBC}") = "PersonalPortfolio.Entities", "Entities\PersonalPortfolio.Entities.csproj", "{0A6C9C31-6975-4269-8B65-F8F723CBCECF}"
EndProject
Project("{FAE04EC0-301F-11D3-BF4B-00C04F79EFBC}") = "PersonalPortfolio.Business", "Business\PersonalPortfolio.Business.csproj", "{2ECAAF34-2DC3-4189-8111-B4AA282DBFEA}"
EndProject
Global
	GlobalSection(SolutionConfigurationPlatforms) = preSolution
		Debug|Any CPU = Debug|Any CPU
		Release|Any CPU = Release|Any CPU
	EndGlobalSection
	GlobalSection(ProjectConfigurationPlatforms) = postSolution
		{FBD20899-11A4-4149-A230-4549B47107D8}.Debug|Any CPU.ActiveCfg = Debug|Any CPU
		{FBD20899-11A4-4149-A230-4549B47107D8}.Debug|Any CPU.Build.0 = Debug|Any CPU
		{FBD20899-11A4-4149-A230-4549B47107D8}.Release|Any CPU.ActiveCfg = Release|Any CPU
		{FBD20899-11A4-4149-A230-4549B47107D8}.Release|Any CPU.Build.0 = Release|Any CPU
		{4F9EF79B-612B-4D8C-BB50-49D6DDF0768E}.Debug|Any CPU.ActiveCfg = Debug|Any CPU
		{4F9EF79B-612B-4D8C-BB50-49D6DDF0768E}.Debug|Any CPU.Build.0 = Debug|Any CPU
		{4F9EF79B-612B-4D8C-BB50-49D6DDF0768E}.Release|Any CPU.ActiveCfg = Release|Any CPU
		{4F9EF79B-612B-4D8C-BB50-49D6DDF0768E}.Release|Any CPU.Build.0 = Release|Any CPU
		{0A6C9C31-6975-4269-8B65-F8F723CBCECF}.Debug|Any CPU.ActiveCfg = Debug|Any CPU
		{0A6C9C31-6975-4269-8B65-F8F723CBCECF}.Debug|Any CPU.Build.0 = Debug|Any CPU
		{0A6C9C31-6975-4269-8B65-F8F723CBCECF}.Release|Any CPU.ActiveCfg = Release|Any CPU
		{0A6C9C31-6975-4269-8B65-F8F723CBCECF}.Release|Any CPU.Build.0 = Release|Any CPU
		{2ECAAF34-2DC3-4189-8111-B4AA282DBFEA}.Debug|Any CPU.ActiveCfg = Debug|Any CPU
		{2ECAAF34-2DC3-4189-8111-B4AA282DBFEA}.Debug|Any CPU.Build.0 = Debug|Any CPU
		{2ECAAF34-2DC3-4189-8111-B4AA282DBFEA}.Release|Any CPU.ActiveCfg = Release|Any CPU
		{2ECAAF34-2DC3-4189-8111-B4AA282DBFEA}.Release|Any CPU.Build.0 = Release|Any CPU
	EndGlobalSection
	GlobalSection(SolutionProperties) = preSolution
		HideSolutionNode = FALSE
	EndGlobalSection
	GlobalSection(ExtensibilityGlobals) = postSolution
		SolutionGuid = {ACD319D5-58E0-4B10-9F98-4ED24738BC03}
	EndGlobalSection
EndGlobal
